<?xml version="1.0" encoding="utf-8"?>
<Project ToolsVersion="4.0" xmlns="http://schemas.microsoft.com/developer/msbuild/2003">
  <ItemGroup>
    <Filter Include="Source Files">
      <UniqueIdentifier>{4FC737F1-C7A5-4376-A066-2A32D752A2FF}</UniqueIdentifier>
      <Extensions>cpp;c;cc;cxx;c++;cppm;ixx;def;odl;idl;hpj;bat;asm;asmx</Extensions>
    </Filter>
    <Filter Include="Header Files">
      <UniqueIdentifier>{93995380-89BD-4b04-88EB-625FBE52EBFB}</UniqueIdentifier>
      <Extensions>h;hh;hpp;hxx;h++;hm;inl;inc;ipp;xsd</Extensions>
    </Filter>
    <Filter Include="Resource Files">
      <UniqueIdentifier>{67DA6AB6-F800-4c08-8B7A-83BB121AAD01}</UniqueIdentifier>
      <Extensions>rc;ico;cur;bmp;dlg;rc2;rct;bin;rgs;gif;jpg;jpeg;jpe;resx;tiff;tif;png;wav;mfcribbon-ms</Extensions>
    </Filter>
    <Filter Include="Game">
      <UniqueIdentifier>{e0702074-1819-4d39-932e-83b55562e29d}</UniqueIdentifier>
    </Filter>
    <Filter Include="Game\01.Core">
      <UniqueIdentifier>{16c40db7-5b30-4d83-b542-c05b2ed8400d}</UniqueIdentifier>
    </Filter>
    <Filter Include="Game\02.Board">
      <UniqueIdentifier>{61368535-321a-4044-b528-74e21cb95da4}</UniqueIdentifier>
    </Filter>
    <Filter Include="Game\03.Puzzle">
      <UniqueIdentifier>{275bea8d-f3e2-4fa7-b5f8-23ffa8d093d1}</UniqueIdentifier>
    </Filter>
    <Filter Include="Game\04.Input">
      <UniqueIdentifier>{5f580ecc-7da8-4ce7-a7b8-471e5ab55b43}</UniqueIdentifier>
    </Filter>
    <Filter Include="Game\05.Time">
      <UniqueIdentifier>{5711b40d-a96e-435e-ae92-35bc1da2cead}</UniqueIdentifier>
    </Filter>
  </ItemGroup>
  <ItemGroup>
    <ClInclude Include="framework.h">
      <Filter>Header Files</Filter>
    </ClInclude>
    <ClInclude Include="targetver.h">
      <Filter>Header Files</Filter>
    </ClInclude>
    <ClInclude Include="Resource.h">
      <Filter>Header Files</Filter>
    </ClInclude>
    <ClInclude Include="PuzzleCrushGame.h">
      <Filter>Header Files</Filter>
    </ClInclude>
    <ClInclude Include="Core.h">
      <Filter>Game\01.Core</Filter>
    </ClInclude>
    <ClInclude Include="Game.h">
      <Filter>Header Files</Filter>
    </ClInclude>
    <ClInclude Include="Board.h">
      <Filter>Game\02.Board</Filter>
    </ClInclude>
    <ClInclude Include="Puzzle.h">
      <Filter>Game\03.Puzzle</Filter>
    </ClInclude>
    <ClInclude Include="InputController.h">
      <Filter>Game\04.Input</Filter>
    </ClInclude>
    <ClInclude Include="TimeManager.h">
      <Filter>Game\05.Time</Filter>
    </ClInclude>
  </ItemGroup>
  <ItemGroup>
    <ClCompile Include="PuzzleCrushGame.cpp">
      <Filter>Source Files</Filter>
    </ClCompile>
    <ClCompile Include="Core.cpp">
      <Filter>Game\01.Core</Filter>
    </ClCompile>
    <ClCompile Include="Board.cpp">
      <Filter>Game\02.Board</Filter>
    </ClCompile>
    <ClCompile Include="Puzzle.cpp">
      <Filter>Game\03.Puzzle</Filter>
    </ClCompile>
    <ClCompile Include="InputController.cpp">
      <Filter>Game\04.Input</Filter>
    </ClCompile>
    <ClCompile Include="TimeManager.cpp">
      <Filter>Game\05.Time</Filter>
    </ClCompile>
  </ItemGroup>
  <ItemGroup>
    <ResourceCompile Include="PuzzleCrushGame.rc">
      <Filter>Resource Files</Filter>
    </ResourceCompile>
  </ItemGroup>
  <ItemGroup>
    <Image Include="small.ico">
      <Filter>Resource Files</Filter>
    </Image>
    <Image Include="PuzzleCrushGame.ico">
      <Filter>Resource Files</Filter>
    </Image>
  </ItemGroup>
</Project>